// !$*UTF8*$!
{
	archiveVersion = 1;
	classes = {
	};
	objectVersion = 46;
	objects = {

/* Begin PBXBuildFile section */
		FCA1510619BAEF1A7C1A21D7 /* ViewController.swift in Sources */ = {isa = PBXBuildFile; fileRef = FCA15E05AB8E5BD63E605A8C /* ViewController.swift */; };
		FCA152B861BBE3B39AB66A95 /* Main.storyboard in Resources */ = {isa = PBXBuildFile; fileRef = FCA15166C01495924D77D07A /* Main.storyboard */; };
		FCA15A21BFADFF334F72929C /* AppDelegate.swift in Sources */ = {isa = PBXBuildFile; fileRef = FCA1543C24F366C717DA80F0 /* AppDelegate.swift */; };
		FCA15C5024395268D5C00115 /* LaunchScreen.storyboard in Resources */ = {isa = PBXBuildFile; fileRef = FCA15011BBCB13FD182049BA /* LaunchScreen.storyboard */; };
		FCA15E58601D1C4BE9087D00 /* Assets.xcassets in Resources */ = {isa = PBXBuildFile; fileRef = FCA15AB2BABBA9738A12FF1A /* Assets.xcassets */; };
		FCA15FBFBFF6F0CF321B1022 /* Extension.swift in Sources */ = {isa = PBXBuildFile; fileRef = FCA15DBE2BF216940633074E /* Extension.swift */; };
/* End PBXBuildFile section */

/* Begin PBXFileReference section */
		FCA15241531C04E73746E0B8 /* LoginView_Leon.app */ = {isa = PBXFileReference; explicitFileType = wrapper.application; includeInIndex = 0; path = LoginView_Leon.app; sourceTree = BUILT_PRODUCTS_DIR; };
		FCA1529A232FAFBA86970FCE /* Base */ = {isa = PBXFileReference; lastKnownFileType = file.storyboard; name = Base; path = Base.lproj/Main.storyboard; sourceTree = "<group>"; };
		FCA1543C24F366C717DA80F0 /* AppDelegate.swift */ = {isa = PBXFileReference; lastKnownFileType = sourcecode.swift; path = AppDelegate.swift; sourceTree = "<group>"; };
		FCA1579D620FF28F2F6BB6CF /* Base */ = {isa = PBXFileReference; lastKnownFileType = file.storyboard; name = Base; path = Base.lproj/LaunchScreen.storyboard; sourceTree = "<group>"; };
		FCA15AB2BABBA9738A12FF1A /* Assets.xcassets */ = {isa = PBXFileReference; lastKnownFileType = folder.assetcatalog; path = Assets.xcassets; sourceTree = "<group>"; };
		FCA15DBE2BF216940633074E /* Extension.swift */ = {isa = PBXFileReference; fileEncoding = 4; lastKnownFileType = sourcecode.swift; path = Extension.swift; sourceTree = "<group>"; };
		FCA15E05AB8E5BD63E605A8C /* ViewController.swift */ = {isa = PBXFileReference; lastKnownFileType = sourcecode.swift; path = ViewController.swift; sourceTree = "<group>"; };
		FCA15E9CEE547F33ACC49663 /* Info.plist */ = {isa = PBXFileReference; lastKnownFileType = text.plist.info; path = Info.plist; sourceTree = "<group>"; };
/* End PBXFileReference section */

/* Begin PBXFrameworksBuildPhase section */
		FCA155EAF5BE16C6DDE96A47 /* Frameworks */ = {
			isa = PBXFrameworksBuildPhase;
			buildActionMask = 2147483647;
			files = (
			);
			runOnlyForDeploymentPostprocessing = 0;
		};
/* End PBXFrameworksBuildPhase section */

/* Begin PBXGroup section */
		FCA15060C8523B50B96E96AD = {
			isa = PBXGroup;
			children = (
				FCA150D78DB8BC095D82A56C /* Products */,
				FCA15E4FF3C09992BE5A69DC /* LoginView_Leon */,
			);
			sourceTree = "<group>";
		};
		FCA150D78DB8BC095D82A56C /* Products */ = {
			isa = PBXGroup;
			children = (
				FCA15241531C04E73746E0B8 /* LoginView_Leon.app */,
			);
			name = Products;
			sourceTree = "<group>";
		};
		FCA15E4FF3C09992BE5A69DC /* LoginView_Leon */ = {
			isa = PBXGroup;
			children = (
				FCA15E9CEE547F33ACC49663 /* Info.plist */,
				FCA15AB2BABBA9738A12FF1A /* Assets.xcassets */,
				FCA15011BBCB13FD182049BA /* LaunchScreen.storyboard */,
				FCA1543C24F366C717DA80F0 /* AppDelegate.swift */,
				FCA15166C01495924D77D07A /* Main.storyboard */,
				FCA15E05AB8E5BD63E605A8C /* ViewController.swift */,
				FCA15DBE2BF216940633074E /* Extension.swift */,
			);
			path = LoginView_Leon;
			sourceTree = "<group>";
		};
/* End PBXGroup section */

/* Begin PBXNativeTarget section */
		FCA15DF217F7FFF6A3946ABB /* LoginView_Leon */ = {
			isa = PBXNativeTarget;
			buildConfigurationList = FCA15E810FE1045D20750524 /* Build configuration list for PBXNativeTarget "LoginView_Leon" */;
			buildPhases = (
				FCA15C424F41C2B5EAA0908B /* Sources */,
				FCA155EAF5BE16C6DDE96A47 /* Frameworks */,
				FCA15A1BFB1590E886DD36F9 /* Resources */,
			);
			buildRules = (
			);
			dependencies = (
			);
			name = LoginView_Leon;
			productName = LoginView_Leon;
			productReference = FCA15241531C04E73746E0B8 /* LoginView_Leon.app */;
			productType = "com.apple.product-type.application";
		};
/* End PBXNativeTarget section */

/* Begin PBXProject section */
		FCA15C11D59024EA974E3151 /* Project object */ = {
			isa = PBXProject;
			attributes = {
				ORGANIZATIONNAME = clem;
				TargetAttributes = {
					FCA15DF217F7FFF6A3946ABB = {
						DevelopmentTeam = FCKB72E74L;
					};
				};
			};
			buildConfigurationList = FCA157C20C4B09948B9A4441 /* Build configuration list for PBXProject "LoginView_Leon" */;
			compatibilityVersion = "Xcode 3.2";
			developmentRegion = English;
			hasScannedForEncodings = 0;
			knownRegions = (
				en,
			);
			mainGroup = FCA15060C8523B50B96E96AD;
			productRefGroup = FCA150D78DB8BC095D82A56C /* Products */;
			projectDirPath = "";
			projectRoot = "";
			targets = (
				FCA15DF217F7FFF6A3946ABB /* LoginView_Leon */,
			);
		};
/* End PBXProject section */

/* Begin PBXResourcesBuildPhase section */
		FCA15A1BFB1590E886DD36F9 /* Resources */ = {
			isa = PBXResourcesBuildPhase;
			buildActionMask = 2147483647;
			files = (
				FCA15E58601D1C4BE9087D00 /* Assets.xcassets in Resources */,
				FCA15C5024395268D5C00115 /* LaunchScreen.storyboard in Resources */,
				FCA152B861BBE3B39AB66A95 /* Main.storyboard in Resources */,
			);
			runOnlyForDeploymentPostprocessing = 0;
		};
/* End PBXResourcesBuildPhase section */

/* Begin PBXSourcesBuildPhase section */
		FCA15C424F41C2B5EAA0908B /* Sources */ = {
			isa = PBXSourcesBuildPhase;
			buildActionMask = 2147483647;
			files = (
				FCA15A21BFADFF334F72929C /* AppDelegate.swift in Sources */,
				FCA1510619BAEF1A7C1A21D7 /* ViewController.swift in Sources */,
				FCA15FBFBFF6F0CF321B1022 /* Extension.swift in Sources */,
			);
			runOnlyForDeploymentPostprocessing = 0;
		};
/* End PBXSourcesBuildPhase section */

/* Begin PBXVariantGroup section */
		FCA15011BBCB13FD182049BA /* LaunchScreen.storyboard */ = {
			isa = PBXVariantGroup;
			children = (
				FCA1579D620FF28F2F6BB6CF /* Base */,
			);
			name = LaunchScreen.storyboard;
			sourceTree = "<group>";
		};
		FCA15166C01495924D77D07A /* Main.storyboard */ = {
			isa = PBXVariantGroup;
			children = (
				FCA1529A232FAFBA86970FCE /* Base */,
			);
			name = Main.storyboard;
			sourceTree = "<group>";
		};
/* End PBXVariantGroup section */

/* Begin XCBuildConfiguration section */
		FCA151E46F0AFB06A9EF449B /* Debug */ = {
			isa = XCBuildConfiguration;
			buildSettings = {
				ASSETCATALOG_COMPILER_APPICON_NAME = AppIcon;
				DEVELOPMENT_TEAM = FCKB72E74L;
				INFOPLIST_FILE = LoginView_Leon/Info.plist;
				LD_RUNPATH_SEARCH_PATHS = "$(inherited) @executable_path/Frameworks";
				PRODUCT_BUNDLE_IDENTIFIER = "com.clem.www.LoginView-Leon";
				PRODUCT_NAME = "$(TARGET_NAME)";
				SWIFT_VERSION = 3.1;
			};
			name = Debug;
		};
		FCA15244B5919667ACC9A3AF /* Release */ = {
			isa = XCBuildConfiguration;
			buildSettings = {
				ALWAYS_SEARCH_USER_PATHS = NO;
				CLANG_ANALYZER_NONNULL = YES;
				CLANG_ANALYZER_NUMBER_OBJECT_CONVERSION = YES_AGGRESSIVE;
				CLANG_CXX_LANGUAGE_STANDARD = "gnu++0x";
				CLANG_CXX_LIBRARY = "libc++";
				CLANG_ENABLE_MODULES = YES;
				CLANG_ENABLE_OBJC_ARC = YES;
				CLANG_WARN_BOOL_CONVERSION = YES;
				CLANG_WARN_CONSTANT_CONVERSION = YES;
				CLANG_WARN_DIRECT_OBJC_ISA_USAGE = YES_ERROR;
				CLANG_WARN_DOCUMENTATION_COMMENTS = YES;
				CLANG_WARN_EMPTY_BODY = YES;
				CLANG_WARN_ENUM_CONVERSION = YES;
				CLANG_WARN_INFINITE_RECURSION = YES;
				CLANG_WARN_INT_CONVERSION = YES;
				CLANG_WARN_OBJC_ROOT_CLASS = YES_ERROR;
				CLANG_WARN_SUSPICIOUS_MOVE = YES;
				CLANG_WARN_UNREACHABLE_CODE = YES;
				CLANG_WARN__DUPLICATE_METHOD_MATCH = YES;
				"CODE_SIGN_IDENTITY[sdk=iphoneos*]" = "iPhone Developer";
				COPY_PHASE_STRIP = NO;
				DEBUG_INFORMATION_FORMAT = "dwarf-with-dsym";
				ENABLE_NS_ASSERTIONS = NO;
				ENABLE_STRICT_OBJC_MSGSEND = YES;
				GCC_C_LANGUAGE_STANDARD = gnu99;
				GCC_NO_COMMON_BLOCKS = YES;
				GCC_WARN_64_TO_32_BIT_CONVERSION = YES;
				GCC_WARN_ABOUT_RETURN_TYPE = YES_ERROR;
				GCC_WARN_UNDECLARED_SELECTOR = YES;
				GCC_WARN_UNINITIALIZED_AUTOS = YES_AGGRESSIVE;
				GCC_WARN_UNUSED_FUNCTION = YES;
				GCC_WARN_UNUSED_VARIABLE = YES;
				IPHONEOS_DEPLOYMENT_TARGET = 10.3;
				MTL_ENABLE_DEBUG_INFO = NO;
				SDKROOT = iphoneos;
				SWIFT_OPTIMIZATION_LEVEL = "-Owholemodule";
				TARGETED_DEVICE_FAMILY = "1,2";
				VALIDATE_PRODUCT = YES;
			};
			name = Release;
		};
		FCA1576191155D25FA62D42F /* Release */ = {
			isa = XCBuildConfiguration;
			buildSettings = {
				ASSETCATALOG_COMPILER_APPICON_NAME = AppIcon;
				DEVELOPMENT_TEAM = FCKB72E74L;
				INFOPLIST_FILE = LoginView_Leon/Info.plist;
				LD_RUNPATH_SEARCH_PATHS = "$(inherited) @executable_path/Frameworks";
				PRODUCT_BUNDLE_IDENTIFIER = "com.clem.www.LoginView-Leon";
				PRODUCT_NAME = "$(TARGET_NAME)";
				SWIFT_VERSION = 3.1;
			};
			name = Release;
		};
		FCA15DA94A4BE790EC6C9C0F /* Debug */ = {
			isa = XCBuildConfiguration;
			buildSettings = {
				ALWAYS_SEARCH_USER_PATHS = NO;
				CLANG_ANALYZER_NONNULL = YES;
				CLANG_ANALYZER_NUMBER_OBJECT_CONVERSION = YES_AGGRESSIVE;
				CLANG_CXX_LANGUAGE_STANDARD = "gnu++0x";
				CLANG_CXX_LIBRARY = "libc++";
				CLANG_ENABLE_MODULES = YES;
				CLANG_ENABLE_OBJC_ARC = YES;
				CLANG_WARN_BOOL_CONVERSION = YES;
				CLANG_WARN_CONSTANT_CONVERSION = YES;
				CLANG_WARN_DIRECT_OBJC_ISA_USAGE = YES_ERROR;
				CLANG_WARN_DOCUMENTATION_COMMENTS = YES;
				CLANG_WARN_EMPTY_BODY = YES;
				CLANG_WARN_ENUM_CONVERSION = YES;
				CLANG_WARN_INFINITE_RECURSION = YES;
				CLANG_WARN_INT_CONVERSION = YES;
				CLANG_WARN_OBJC_ROOT_CLASS = YES_ERROR;
				CLANG_WARN_SUSPICIOUS_MOVE = YES;
				CLANG_WARN_UNREACHABLE_CODE = YES;
				CLANG_WARN__DUPLICATE_METHOD_MATCH = YES;
				"CODE_SIGN_IDENTITY[sdk=iphoneos*]" = "iPhone Developer";
				COPY_PHASE_STRIP = NO;
				DEBUG_INFORMATION_FORMAT = dwarf;
				ENABLE_STRICT_OBJC_MSGSEND = YES;
				ENABLE_TESTABILITY = YES;
				GCC_C_LANGUAGE_STANDARD = gnu99;
				GCC_DYNAMIC_NO_PIC = NO;
				GCC_NO_COMMON_BLOCKS = YES;
				GCC_OPTIMIZATION_LEVEL = 0;
				GCC_PREPROCESSOR_DEFINITIONS = (
					"DEBUG=1",
					"$(inherited)",
				);
				GCC_WARN_64_TO_32_BIT_CONVERSION = YES;
				GCC_WARN_ABOUT_RETURN_TYPE = YES_ERROR;
				GCC_WARN_UNDECLARED_SELECTOR = YES;
				GCC_WARN_UNINITIALIZED_AUTOS = YES_AGGRESSIVE;
				GCC_WARN_UNUSED_FUNCTION = YES;
				GCC_WARN_UNUSED_VARIABLE = YES;
				IPHONEOS_DEPLOYMENT_TARGET = 10.3;
				MTL_ENABLE_DEBUG_INFO = YES;
				ONLY_ACTIVE_ARCH = YES;
				SDKROOT = iphoneos;
				SWIFT_ACTIVE_COMPILATION_CONDITIONS = DEBUG;
				SWIFT_OPTIMIZATION_LEVEL = "-Onone";
				TARGETED_DEVICE_FAMILY = "1,2";
			};
			name = Debug;
		};
/* End XCBuildConfiguration section */

/* Begin XCConfigurationList section */
		FCA157C20C4B09948B9A4441 /* Build configuration list for PBXProject "LoginView_Leon" */ = {
			isa = XCConfigurationList;
			buildConfigurations = (
				FCA15DA94A4BE790EC6C9C0F /* Debug */,
				FCA15244B5919667ACC9A3AF /* Release */,
			);
			defaultConfigurationIsVisible = 0;
			defaultConfigurationName = Release;
		};
		FCA15E810FE1045D20750524 /* Build configuration list for PBXNativeTarget "LoginView_Leon" */ = {
			isa = XCConfigurationList;
			buildConfigurations = (
				FCA151E46F0AFB06A9EF449B /* Debug */,
				FCA1576191155D25FA62D42F /* Release */,
			);
			defaultConfigurationIsVisible = 0;
			defaultConfigurationName = Release;
		};
/* End XCConfigurationList section */
	};
	rootObject = FCA15C11D59024EA974E3151 /* Project object */;
}
